
Microsoft Visual Studio Solution File, Format Version 12.00
# Visual Studio Version 16
VisualStudioVersion = 16.0.32228.343
MinimumVisualStudioVersion = 10.0.40219.1
Project("{FAE04EC0-301F-11D3-BF4B-00C04F79EFBC}") = "Flights_Yarullin", "Flights_Yarullin\Flights_Yarullin.csproj", "{3E3F6690-E4C0-48F4-911F-4792101EEF73}"
EndProject
Global
	GlobalSection(SolutionConfigurationPlatforms) = preSolution
		Debug|Any CPU = Debug|Any CPU
		Release|Any CPU = Release|Any CPU
	EndGlobalSection
	GlobalSection(ProjectConfigurationPlatforms) = postSolution
		{3E3F6690-E4C0-48F4-911F-4792101EEF73}.Debug|Any CPU.ActiveCfg = Debug|Any CPU
		{3E3F6690-E4C0-48F4-911F-4792101EEF73}.Debug|Any CPU.Build.0 = Debug|Any CPU
		{3E3F6690-E4C0-48F4-911F-4792101EEF73}.Release|Any CPU.ActiveCfg = Release|Any CPU
		{3E3F6690-E4C0-48F4-911F-4792101EEF73}.Release|Any CPU.Build.0 = Release|Any CPU
	EndGlobalSection
	GlobalSection(SolutionProperties) = preSolution
		HideSolutionNode = FALSE
	EndGlobalSection
	GlobalSection(ExtensibilityGlobals) = postSolution
		SolutionGuid = {BCF33C7C-54AB-4667-B321-9C7FFFF2DA70}
	EndGlobalSection
EndGlobal
